# generated by rye
# use `rye lock` or `rye sync` to update this lockfile
#
# last locked with the following flags:
#   pre: false
#   features: []
#   all-features: false
#   with-sources: false
#   generate-hashes: false

-e file:.
colorama==0.4.6
    # via tqdm
deprecated==1.2.14
    # via pikepdf
img2pdf==0.5.1
    # via izip2pdf
lxml==5.2.2
    # via pikepdf
natsort==8.4.0
    # via izip2pdf
packaging==24.1
    # via pikepdf
pikepdf==9.0.0
    # via img2pdf
pillow==10.3.0
    # via img2pdf
    # via izip2pdf
    # via pikepdf
    # via pillow-heif
pillow-avif-plugin==1.4.3
    # via izip2pdf
pillow-heif==0.16.0
    # via izip2pdf
tqdm==4.66.4
    # via izip2pdf
wrapt==1.16.0
    # via deprecated
