{
  "scaffold": {
    "": [
      "config",
      "data",
      "imports",
      "exports",
      "scripts",
      "secrets",
      "queries"
    ],
    "exports": [
      "aggregate"
    ],
    "config": [
      "default-workspace.toml",
      "logging.json"
    ],
    "secrets": [
      "secrets.yaml",
      "secrets-example.yaml"
    ],
    "queries": [
      "default-queries.toml"
    ]
  },
  "generated_by": "mulch 0.1.26",
  "generated_at": "2025-07-06T04:34:15.237641Z"
}