version = 1
revision = 3
requires-python = ">=3.9, <4.0"

[[package]]
name = "brick-tq-shacl"
version = "0.4.0a12"
source = { editable = "." }
dependencies = [
    { name = "pyontoenv" },
    { name = "pytqshacl" },
    { name = "rdflib" },
]

[package.metadata]
requires-dist = [
    { name = "pyontoenv", specifier = ">=0.3.1a1" },
    { name = "pytqshacl", specifier = ">=140" },
    { name = "rdflib", specifier = ">=7.0" },
]

[[package]]
name = "isodate"
version = "0.7.2"
source = { registry = "https://pypi.org/simple" }
sdist = { url = "https://files.pythonhosted.org/packages/54/4d/e940025e2ce31a8ce1202635910747e5a87cc3a6a6bb2d00973375014749/isodate-0.7.2.tar.gz", hash = "sha256:4cd1aa0f43ca76f4a6c6c0292a85f40b35ec2e43e315b59f06e6d32171a953e6", size = 29705, upload-time = "2024-10-08T23:04:11.5Z" }
wheels = [
    { url = "https://files.pythonhosted.org/packages/15/aa/0aca39a37d3c7eb941ba736ede56d689e7be91cab5d9ca846bde3999eba6/isodate-0.7.2-py3-none-any.whl", hash = "sha256:28009937d8031054830160fce6d409ed342816b543597cece116d966c6d99e15", size = 22320, upload-time = "2024-10-08T23:04:09.501Z" },
]

[[package]]
name = "oxrdflib"
version = "0.4.0"
source = { registry = "https://pypi.org/simple" }
dependencies = [
    { name = "pyoxigraph" },
    { name = "rdflib" },
]
sdist = { url = "https://files.pythonhosted.org/packages/b0/03/e272b69fa63e1b0fc5039420457e9bb556870ae3211af8955de574b2757a/oxrdflib-0.4.0.tar.gz", hash = "sha256:37d4c025d4e39c5e5472527c393998bfd10e5ac185a30e080b5b510f6dd7da86", size = 20307, upload-time = "2024-11-02T11:44:25.222Z" }
wheels = [
    { url = "https://files.pythonhosted.org/packages/56/39/c4e6b4a23e9ce5aafbd8dfff6960b751a70b9844f4e90dd39462b0e32cc4/oxrdflib-0.4.0-py3-none-any.whl", hash = "sha256:c6203636b05817e21fbe7c469154b2e312593d0801cdaa14058c2d99dcfc12a6", size = 10670, upload-time = "2024-11-02T11:44:22.031Z" },
]

[[package]]
name = "pyontoenv"
version = "0.3.1a1"
source = { registry = "https://pypi.org/simple" }
dependencies = [
    { name = "oxrdflib" },
    { name = "rdflib" },
]
sdist = { url = "https://files.pythonhosted.org/packages/ea/2b/329fb281e1a541a97d1defd0a031430a149324132fa407267f2c9dbae2f7/pyontoenv-0.3.1a1.tar.gz", hash = "sha256:60194f815c92417493992881ff498b4d7f25a4275047aa865d65a0a888f88b7d", size = 923990, upload-time = "2025-07-29T00:57:31.147Z" }
wheels = [
    { url = "https://files.pythonhosted.org/packages/a5/5c/f54c8928c743c4bd8ab7c2f7029d70ad5c19a714e26c6a246dda46d0c31d/pyontoenv-0.3.1a1-cp310-cp310-manylinux_2_17_aarch64.manylinux2014_aarch64.whl", hash = "sha256:08e4f42e879cc9040563e57793677e940b8b9610af9dea1420f681ce01b4515c", size = 7336911, upload-time = "2025-07-29T00:56:41.824Z" },
    { url = "https://files.pythonhosted.org/packages/0b/77/0f643c12bbbb242244650b338d1e096411ffd81dd4ae282babdb52d9c9d1/pyontoenv-0.3.1a1-cp310-cp310-manylinux_2_17_x86_64.manylinux2014_x86_64.whl", hash = "sha256:c814339525de85287c96c36bf66dd3a15a92813a9f133ce74751bf5581524c48", size = 7594939, upload-time = "2025-07-29T00:56:44.07Z" },
    { url = "https://files.pythonhosted.org/packages/3a/7d/3b4210b4960862d7c87c300ab7bdfac3380968a62623d111eb695a8786a1/pyontoenv-0.3.1a1-cp310-cp310-musllinux_1_2_aarch64.whl", hash = "sha256:f860787ccd3e52a557cd7583c632d0b74e0f3a1f417f7bc6503745d9f9fd7177", size = 8369252, upload-time = "2025-07-29T00:56:45.468Z" },
    { url = "https://files.pythonhosted.org/packages/c5/28/bd58edb5749c8fae50340a066a69d2b92a4a564e0fcf6bb972c53d8def65/pyontoenv-0.3.1a1-cp310-cp310-musllinux_1_2_x86_64.whl", hash = "sha256:e9313b44dcd9875a8212516876f05ed9e4806416da819270efeb9a296c39d514", size = 8847915, upload-time = "2025-07-29T00:56:47.106Z" },
    { url = "https://files.pythonhosted.org/packages/f1/25/5a9cc19af86962c6d8943c46cfe1e9a2bc35b39cbf577b2a960f6aedead9/pyontoenv-0.3.1a1-cp311-cp311-manylinux_2_17_aarch64.manylinux2014_aarch64.whl", hash = "sha256:ec75f5be51c4216ae5341fee10df538d8c88a231dbb03f6ee5b88ffaab1f8c2d", size = 7336442, upload-time = "2025-07-29T00:56:48.765Z" },
    { url = "https://files.pythonhosted.org/packages/e7/89/1372a038138f3aafd290049a1812ae4a3ab128b63429e972407395a0077b/pyontoenv-0.3.1a1-cp311-cp311-manylinux_2_17_x86_64.manylinux2014_x86_64.whl", hash = "sha256:468ce63243d34ae390b64a1a3f8f15ec05ddbd20df227ef470724e1851b60557", size = 7594802, upload-time = "2025-07-29T00:56:50.318Z" },
    { url = "https://files.pythonhosted.org/packages/70/04/29b9118fb0785c508a140fb2e901fc1dd7e8ed178acb09dc9119a5942bec/pyontoenv-0.3.1a1-cp311-cp311-musllinux_1_2_aarch64.whl", hash = "sha256:0c79217fcb54e3e7c08fe69d168cd965a7a573335a19613af0854b4b2b9c231b", size = 8369110, upload-time = "2025-07-29T00:56:52.398Z" },
    { url = "https://files.pythonhosted.org/packages/60/c2/74ddf6c2abc3e5793c30faa39b26e77149f52deebc6ce71271fe431f89de/pyontoenv-0.3.1a1-cp311-cp311-musllinux_1_2_x86_64.whl", hash = "sha256:2f4817d26831ca271cef8fc973ad255e41e719f80cf2b73d6443095c33b392d2", size = 8847529, upload-time = "2025-07-29T00:56:53.634Z" },
    { url = "https://files.pythonhosted.org/packages/d0/7e/0cc599fd9d88ca7ec54208b401525ae787a3d3e8b94a90fe1e3f2972f4ec/pyontoenv-0.3.1a1-cp312-cp312-manylinux_2_17_aarch64.manylinux2014_aarch64.whl", hash = "sha256:ba4100d062774ba1b814e272856602d3f96ca8481f726b9814bfc05bf5ffabf9", size = 7336001, upload-time = "2025-07-29T00:56:55.567Z" },
    { url = "https://files.pythonhosted.org/packages/de/ef/ea08807a05f5daffe5c79e7c31d7189e623065aa0cd5a68251245c935449/pyontoenv-0.3.1a1-cp312-cp312-manylinux_2_17_x86_64.manylinux2014_x86_64.whl", hash = "sha256:3f491559d939ddebcdc4209d435f651564413dc16f7351902ca2b8795726684c", size = 7594984, upload-time = "2025-07-29T00:56:57.177Z" },
    { url = "https://files.pythonhosted.org/packages/8f/8d/1c5f63eab8ef59a0d460a852d13d82b708359572a8cfff41897ce1b46ef2/pyontoenv-0.3.1a1-cp312-cp312-musllinux_1_2_aarch64.whl", hash = "sha256:e56d9464b026becdca714dd17edf146a14e49d39dfc24b9500c71c167611e48b", size = 8369010, upload-time = "2025-07-29T00:56:58.7Z" },
    { url = "https://files.pythonhosted.org/packages/14/1b/259da31a9f8654c685c0244b7e03a5ec882c092318a20ae5d5db9adbd004/pyontoenv-0.3.1a1-cp312-cp312-musllinux_1_2_x86_64.whl", hash = "sha256:4ce5c9a323b6156cf51b65b15f812d1f354de8bbe19f1bbb83be0470a5454732", size = 8848388, upload-time = "2025-07-29T00:57:00.284Z" },
    { url = "https://files.pythonhosted.org/packages/a0/ce/f33d14ccb9f8c7791e31f54a0461d15c60e89c075d0e99771910b80c9630/pyontoenv-0.3.1a1-cp39-abi3-macosx_10_14_x86_64.macosx_11_0_arm64.macosx_10_14_universal2.whl", hash = "sha256:eeccc9d38f47138b122cd5a17ee89bb066913f0c6ec1c989b7fd48e8af5398c9", size = 12553580, upload-time = "2025-07-29T00:57:08.114Z" },
    { url = "https://files.pythonhosted.org/packages/89/cc/d7de2a748a6cf68d3e7e4ea0e04783af42ae85d2925b8d938bd82ba8fa1c/pyontoenv-0.3.1a1-cp39-abi3-macosx_10_14_x86_64.whl", hash = "sha256:54030b2caa53e1dee427512777297a2baa0bb3b215de84b5db2b911396d307c6", size = 6481684, upload-time = "2025-07-29T00:57:09.991Z" },
    { url = "https://files.pythonhosted.org/packages/92/3e/49de591d44f894ea94699a0ef9a36ec2c338a166678716391fffd92b668f/pyontoenv-0.3.1a1-cp39-abi3-macosx_11_0_arm64.whl", hash = "sha256:cbdfd24d94045138f4f1a16ae848c610155849ec3fc5c0cd6c587eea52a72c3c", size = 6069356, upload-time = "2025-07-29T00:57:11.42Z" },
    { url = "https://files.pythonhosted.org/packages/a3/f6/94af4dbef5916f2f58631115fd1538a2f29ebb6e66dc6ca05f1a2964e48b/pyontoenv-0.3.1a1-cp39-abi3-manylinux_2_17_aarch64.manylinux2014_aarch64.whl", hash = "sha256:f02f7fa83174f6792c2cc8fd3ba9bac72f2cd64940866cc0a78bd2c01ef0b027", size = 7340396, upload-time = "2025-07-29T00:57:12.605Z" },
    { url = "https://files.pythonhosted.org/packages/3d/b0/1ca666c4c93e541c92a62ae8ee779528883039343761da857db88b7c5639/pyontoenv-0.3.1a1-cp39-abi3-manylinux_2_17_x86_64.manylinux2014_x86_64.whl", hash = "sha256:70f36bb2ddee8d5098314ea0421816a87cf325cbc5858109156e84fc6f7a04f8", size = 7600385, upload-time = "2025-07-29T00:57:13.946Z" },
    { url = "https://files.pythonhosted.org/packages/90/e3/d9fb06a9e67a326fa0db60e7674e43dfeb959c63ec99f76f0c7bbd824ee4/pyontoenv-0.3.1a1-cp39-abi3-musllinux_1_2_aarch64.whl", hash = "sha256:89d4115d6432651c246b78d4f9990710f792ce25ab1dd6ff1628773ceb656d2b", size = 8372870, upload-time = "2025-07-29T00:57:15.256Z" },
    { url = "https://files.pythonhosted.org/packages/10/e5/b6845b087bfb2e21f15566f0fec0b57a81276a860ffc4efb233e70f36595/pyontoenv-0.3.1a1-cp39-abi3-musllinux_1_2_x86_64.whl", hash = "sha256:ed70c41013ed3bef3200aac8be3dc1065e6a921f4594ad03258833087879e279", size = 8850960, upload-time = "2025-07-29T00:57:16.519Z" },
    { url = "https://files.pythonhosted.org/packages/b5/99/8fd97373046e7441b463ae565f3656c478e95ab21f6f296df02360c4d98d/pyontoenv-0.3.1a1-cp39-abi3-win_amd64.whl", hash = "sha256:f2239933bd7d1cf357a1346c2ff62e916b173a5a7b6f4c4f7f85ed345b23d9b0", size = 5543449, upload-time = "2025-07-29T00:57:18.112Z" },
    { url = "https://files.pythonhosted.org/packages/d9/4d/0e4c7b5b0ea4f3d621455df400edc3a22ac6a577312760ce8c8c5e357c28/pyontoenv-0.3.1a1-cp39-cp39-manylinux_2_17_aarch64.manylinux2014_aarch64.whl", hash = "sha256:539c82e76048581b951eb1876a9c7939037a730f1f600a190b28ada304d04367", size = 7338305, upload-time = "2025-07-29T00:57:19.417Z" },
    { url = "https://files.pythonhosted.org/packages/02/80/a689d983955d926ea6e11641752e3ae9e9131d71de53d11ceecfb99e3206/pyontoenv-0.3.1a1-cp39-cp39-manylinux_2_17_x86_64.manylinux2014_x86_64.whl", hash = "sha256:ad60f0e3581d10947be698fa6341f0ccf78ad62edd4c29da8d33e643f30073ac", size = 7595624, upload-time = "2025-07-29T00:57:20.725Z" },
    { url = "https://files.pythonhosted.org/packages/ec/fd/5325a1ba45cdec759a229fe0e4e597689a65732c1414b1c177e82500dac1/pyontoenv-0.3.1a1-cp39-cp39-musllinux_1_2_aarch64.whl", hash = "sha256:642b6472e7debe03d9a7c8744e0e7bf7711489cadfe90afe2ebf259e8ba99a5e", size = 8371103, upload-time = "2025-07-29T00:57:22.286Z" },
    { url = "https://files.pythonhosted.org/packages/c6/19/a1ff28f0187cb4fca11b93f7d8a2c8ad75ba87ae400fc0ef3312c0a521ab/pyontoenv-0.3.1a1-cp39-cp39-musllinux_1_2_x86_64.whl", hash = "sha256:4f2a9badb0abf3017932e979ef6af31aa3f12bda2c5624e0878e0c03f048a1c9", size = 8848435, upload-time = "2025-07-29T00:57:24.045Z" },
    { url = "https://files.pythonhosted.org/packages/22/b0/822af1287a872daec0532c921b83c004f1dd8b398e997d994c6509ba9cac/pyontoenv-0.3.1a1-pp310-pypy310_pp73-manylinux_2_17_aarch64.manylinux2014_aarch64.whl", hash = "sha256:fd0ccf47b149f9fd5cedb5405bf42d2a005db1043799895d6a579d9fde020ac9", size = 7338951, upload-time = "2025-07-29T00:57:25.909Z" },
    { url = "https://files.pythonhosted.org/packages/6b/26/28d7cae6a100d754fe8361aa5cf3349523c95c305f2f1756762982d75083/pyontoenv-0.3.1a1-pp310-pypy310_pp73-manylinux_2_17_x86_64.manylinux2014_x86_64.whl", hash = "sha256:6caa2dc91d73213ab7c77fd53edf1b7f2dc387bcf3b9cd3499531c7c551eab38", size = 7596811, upload-time = "2025-07-29T00:57:27.172Z" },
    { url = "https://files.pythonhosted.org/packages/4d/0f/f97b7269e07ec6e6f536d8bc02559d6cd10bd7261d3b805ddd4870a6af70/pyontoenv-0.3.1a1-pp39-pypy39_pp73-manylinux_2_17_aarch64.manylinux2014_aarch64.whl", hash = "sha256:c415918393ae2ef10bb7b0b43d803b234269e98a44e9c4cbba8868aa3c9a0305", size = 7338306, upload-time = "2025-07-29T00:57:28.407Z" },
    { url = "https://files.pythonhosted.org/packages/38/9c/e63ab2d34a3af69802df718045b29fdc9b6979f1dfc3890b0b53037298bd/pyontoenv-0.3.1a1-pp39-pypy39_pp73-manylinux_2_17_x86_64.manylinux2014_x86_64.whl", hash = "sha256:fe04f164c34568b4d8211068a155bbc941f1d780ee535d99eb2c1e2511974644", size = 7596242, upload-time = "2025-07-29T00:57:29.633Z" },
]

[[package]]
name = "pyoxigraph"
version = "0.4.11"
source = { registry = "https://pypi.org/simple" }
sdist = { url = "https://files.pythonhosted.org/packages/50/23/d64f6b8ba918b76c0d048f5ec32ffd2b79a9455e1ec07d9637adccf8868e/pyoxigraph-0.4.11.tar.gz", hash = "sha256:19da535c5026eacb11140ee03e2055d8757eb0e9800e722476f52fa46fe96658", size = 4897598, upload-time = "2025-05-21T20:55:58.046Z" }
wheels = [
    { url = "https://files.pythonhosted.org/packages/98/9a/f0540dbd68ade8aa518a9a01996c2211d2fcb2558e73c423648426cb7417/pyoxigraph-0.4.11-cp310-cp310-manylinux_2_17_aarch64.manylinux2014_aarch64.whl", hash = "sha256:008dd50b7dcab025d9a64df7de178220d197d684cdff3da53442ae759d8d700c", size = 6847415, upload-time = "2025-05-21T20:54:22.048Z" },
    { url = "https://files.pythonhosted.org/packages/8c/ac/004bf714899e53db677ec0fedac0b63a28953dad03cd3e16275a0dc21ad1/pyoxigraph-0.4.11-cp310-cp310-manylinux_2_17_x86_64.manylinux2014_x86_64.whl", hash = "sha256:91e74596d0d9dc234ca77873369bb047672e38be11dfcde8b2db0fa0d0f3bd34", size = 7247911, upload-time = "2025-05-21T20:54:24.368Z" },
    { url = "https://files.pythonhosted.org/packages/2a/4b/acbe70d6403825c1a73c9067c2b40aa5ff3767a1b079185b92dc2b18a6b6/pyoxigraph-0.4.11-cp310-cp310-musllinux_1_2_aarch64.whl", hash = "sha256:cd86f7f04624a23ccb821716ad34943d301524d266b9ac415e5f9cb4f4f339e6", size = 7893741, upload-time = "2025-05-21T20:54:25.983Z" },
    { url = "https://files.pythonhosted.org/packages/4d/b3/8f255d9eeea227b00e36d8d785b7695da4966eb405766badfc2c348cd20b/pyoxigraph-0.4.11-cp310-cp310-musllinux_1_2_x86_64.whl", hash = "sha256:7a0a3d84c887820473f1218e2e9633c2322eafed5e785b22a955ee0caaff882d", size = 8503949, upload-time = "2025-05-21T20:54:27.7Z" },
    { url = "https://files.pythonhosted.org/packages/12/6b/3bc9fd6049f6f3b29c9adf85363e8e981854a8565aba2db6885a7157f5b1/pyoxigraph-0.4.11-cp311-cp311-manylinux_2_17_aarch64.manylinux2014_aarch64.whl", hash = "sha256:1ff9c48ebb0faa48c17691d56d0dab88fa15fadef70e494153bb1511d3fc17ab", size = 6846859, upload-time = "2025-05-21T20:54:30.11Z" },
    { url = "https://files.pythonhosted.org/packages/97/8a/9a8ed1a7bacb6460fade4d30e5e0b33d26ad830fa5c6a1d0e761b256d9a7/pyoxigraph-0.4.11-cp311-cp311-manylinux_2_17_x86_64.manylinux2014_x86_64.whl", hash = "sha256:9dcba1517a42a7d1a9f96b8d248579a8773e9256e35762f353207a486bdbf25b", size = 7247699, upload-time = "2025-05-21T20:54:32.993Z" },
    { url = "https://files.pythonhosted.org/packages/50/26/c8a2bbe36cb24228cb7b94a25e69c9f728b7d174844e03c2067fa21ba7d1/pyoxigraph-0.4.11-cp311-cp311-musllinux_1_2_aarch64.whl", hash = "sha256:6ae5f76d69498862fde26aa84ddf8d10a30478cf7f3be1fa8c82380e2f57af78", size = 7893442, upload-time = "2025-05-21T20:54:35.458Z" },
    { url = "https://files.pythonhosted.org/packages/66/0b/8e61f7cf78b05aebc68d139b62aa865da07f7a403dd1f3c2ed34fc97df51/pyoxigraph-0.4.11-cp311-cp311-musllinux_1_2_x86_64.whl", hash = "sha256:1e58de7bd2b1b6df2aa8a7bb95ce898c78c1309f9fb0d0658c51be38bf630620", size = 8503348, upload-time = "2025-05-21T20:54:37.733Z" },
    { url = "https://files.pythonhosted.org/packages/d4/29/ee4a9f7aa0494f00011c40a87ee2f3e7c440f7c563b0f9513bc8e4b6db3e/pyoxigraph-0.4.11-cp312-cp312-manylinux_2_17_aarch64.manylinux2014_aarch64.whl", hash = "sha256:cc89ed499f0816119bad6955e41db51d7ee3b79f1f78bdb32bc3b7792a21ab51", size = 6843133, upload-time = "2025-05-21T20:54:40.474Z" },
    { url = "https://files.pythonhosted.org/packages/90/1f/141eec16660ba07c280db56111c45d2ba1c1c4c30f284e7a2b2a69562e8d/pyoxigraph-0.4.11-cp312-cp312-manylinux_2_17_x86_64.manylinux2014_x86_64.whl", hash = "sha256:ec1f74e92c1ccb108e7b79bd1395cf12c1c6f9d4a3d9d2c2ddc7955e2a527c6d", size = 7244983, upload-time = "2025-05-21T20:54:43.025Z" },
    { url = "https://files.pythonhosted.org/packages/bf/62/d734047e257df246f98e0d4194f645f5c2a53fb2836e4bd59bb2c6cd34e4/pyoxigraph-0.4.11-cp312-cp312-musllinux_1_2_aarch64.whl", hash = "sha256:720e15d44a33fd153f8985e242e4e428ee913087ad9582d008adf84b55e57e0f", size = 7888928, upload-time = "2025-05-21T20:54:44.706Z" },
    { url = "https://files.pythonhosted.org/packages/ef/79/53a54ded531844afaa61be737b1331582633e123e5966fc3a8adcea3397d/pyoxigraph-0.4.11-cp312-cp312-musllinux_1_2_x86_64.whl", hash = "sha256:63ed10e9b398718350e08b08ffa5086c1c4123c45a1440818a130bf80d9b4a50", size = 8498668, upload-time = "2025-05-21T20:54:47.438Z" },
    { url = "https://files.pythonhosted.org/packages/62/26/b6e5695231f7ae7c2a070c0dff5f9f8e46bad9a2c3f601377c900d8de2f8/pyoxigraph-0.4.11-cp313-cp313-manylinux_2_17_aarch64.manylinux2014_aarch64.whl", hash = "sha256:6b6c280f474df35480ebcf644f5500e3ac835a8469c74ee150f3eab63c096b3b", size = 6842628, upload-time = "2025-05-21T20:54:49.384Z" },
    { url = "https://files.pythonhosted.org/packages/53/0e/ba78262c854b1b05ee8895da0b3233b1ba3fad4c2ac87c443575f9438f94/pyoxigraph-0.4.11-cp313-cp313-manylinux_2_17_x86_64.manylinux2014_x86_64.whl", hash = "sha256:b51b40fbb69ccb77875f98c48bb73338f7488c59fe7470557d2dc954f81cf0ab", size = 7244536, upload-time = "2025-05-21T20:54:52.965Z" },
    { url = "https://files.pythonhosted.org/packages/d9/73/c6d9024bc545f0e608f0fba9ba5617ceef92f7c8057cf1202dcf11b59e0d/pyoxigraph-0.4.11-cp313-cp313-musllinux_1_2_aarch64.whl", hash = "sha256:3249aca824cf641262d7a3083281cae4bef99b5eb21149e468ca59cb2c483b4b", size = 7888251, upload-time = "2025-05-21T20:54:54.699Z" },
    { url = "https://files.pythonhosted.org/packages/6c/2c/ec39c33f38d7c480eebc6c7bc1a1984fc68d755a5027be79324e9b25f51d/pyoxigraph-0.4.11-cp313-cp313-musllinux_1_2_x86_64.whl", hash = "sha256:033cd1e517c218958e621845192770d6214c433e63eff5eff8b189a359b11594", size = 8497847, upload-time = "2025-05-21T20:54:56.852Z" },
    { url = "https://files.pythonhosted.org/packages/dd/ab/2a94e5e0cd1d4e4680c8bbe0197ba4e453bdf99f21ac6eb08ea265cbfee5/pyoxigraph-0.4.11-cp313-cp313-win_amd64.whl", hash = "sha256:429b0d709197b766c08f6b48d59158e878fce350a229848823781d614ad8a73e", size = 4905974, upload-time = "2025-05-21T20:54:58.8Z" },
    { url = "https://files.pythonhosted.org/packages/49/1b/3432268144cafe74fc376cb362afd1e419fd11bb87688deb18bbcf2d16af/pyoxigraph-0.4.11-cp313-cp313t-manylinux_2_17_aarch64.manylinux2014_aarch64.whl", hash = "sha256:13388877324e66dfa65461800505598fb5805a625f23e14b879df4fd52444b24", size = 6839672, upload-time = "2025-05-21T20:55:00.652Z" },
    { url = "https://files.pythonhosted.org/packages/24/ec/f0e3f5135122d73da0451fb98a05c3921d211baa541010943046c75c20d4/pyoxigraph-0.4.11-cp313-cp313t-manylinux_2_17_x86_64.manylinux2014_x86_64.whl", hash = "sha256:ae090cb684331623f7b2460620d85b20cd3a312e0a1c172ad8a6cfd3a260cfdc", size = 7241190, upload-time = "2025-05-21T20:55:03.319Z" },
    { url = "https://files.pythonhosted.org/packages/56/34/68bd955365fe1f3138bb3412a1ebd420332e205861efa65fb662931b042d/pyoxigraph-0.4.11-cp313-cp313t-musllinux_1_2_aarch64.whl", hash = "sha256:3dba53ac72f922607bb9db49e0f49824f74729839873b7a0d1ccf8f518cc80da", size = 7883752, upload-time = "2025-05-21T20:55:05.103Z" },
    { url = "https://files.pythonhosted.org/packages/8b/33/85cef0191f627e0f9576717f676c0ac04f41ad1f879e9dfc0096ccdeb5f6/pyoxigraph-0.4.11-cp313-cp313t-musllinux_1_2_x86_64.whl", hash = "sha256:5965d40cb90852225eb3957a310e359a1f024a9ab21851f0a4555bc9666edc95", size = 8494496, upload-time = "2025-05-21T20:55:08.154Z" },
    { url = "https://files.pythonhosted.org/packages/2a/db/86b0d03d34674978ed147331868533d0d1f1da48acb5e2a41c337cf15935/pyoxigraph-0.4.11-cp38-abi3-macosx_10_14_x86_64.whl", hash = "sha256:d6725d754893e81d5f397f3c6c29664b17eb52c99c9b705d4b800cc4416a53f4", size = 5772593, upload-time = "2025-05-21T20:55:10.265Z" },
    { url = "https://files.pythonhosted.org/packages/07/67/e3106b945867e44696634e7bf4614d5cb4fd5058cd6cc0e53f9483c4f215/pyoxigraph-0.4.11-cp38-abi3-macosx_11_0_arm64.whl", hash = "sha256:b5757598733e38e3fee70513cfb38a2d10191dbbe1522af0329c70801a1f715e", size = 5233235, upload-time = "2025-05-21T20:55:12.936Z" },
    { url = "https://files.pythonhosted.org/packages/7f/4a/fe40b1c9d2380c2eeb0668e9c9b7d6d69df2fb0a7828c180fc19dc5d3774/pyoxigraph-0.4.11-cp38-abi3-manylinux_2_17_aarch64.manylinux2014_aarch64.whl", hash = "sha256:2eaf4f7421ba2815cf9f60c7bc2379344a03afe0ef6e749df9689a2d0c970b8a", size = 6844237, upload-time = "2025-05-21T20:55:15.134Z" },
    { url = "https://files.pythonhosted.org/packages/6d/80/00e6775a0c5e08387c5d2fb30406781e77e8f7082cec2428d098192c31fc/pyoxigraph-0.4.11-cp38-abi3-manylinux_2_17_x86_64.manylinux2014_x86_64.whl", hash = "sha256:0826ed60ec53f3c539cdf4f2b9977089302478d02927293a09da49dedc604660", size = 7246680, upload-time = "2025-05-21T20:55:17.214Z" },
    { url = "https://files.pythonhosted.org/packages/19/68/672ecef6fa84aa7edf1bfc1cc27cfaa06a60a39cd642a34ff6bc9b70e646/pyoxigraph-0.4.11-cp38-abi3-musllinux_1_2_aarch64.whl", hash = "sha256:9322083f3854b26324f4f2aa23b0823c87802e404eb3e19d490f5d40f82a28bd", size = 7891848, upload-time = "2025-05-21T20:55:18.875Z" },
    { url = "https://files.pythonhosted.org/packages/35/d5/65e3bb7e133dcbd7f577cbf6658098bc9315c94ece9510bf731e42c0f3a0/pyoxigraph-0.4.11-cp38-abi3-musllinux_1_2_x86_64.whl", hash = "sha256:e035770fa70ba818073ea20de1989dc24e111f5ad93e52f44b5bd84c77d3057b", size = 8498122, upload-time = "2025-05-21T20:55:20.741Z" },
    { url = "https://files.pythonhosted.org/packages/bd/06/c7c1fe91d5b854f4cb86d29fb7772e0a8ac807ea555767c442cb417b842a/pyoxigraph-0.4.11-cp38-abi3-win_amd64.whl", hash = "sha256:26d862905a378ac922dda56ff6e36b047aea106203a2b5503a6dfc5feda55273", size = 4918145, upload-time = "2025-05-21T20:55:23.173Z" },
    { url = "https://files.pythonhosted.org/packages/15/da/8d443005d5ce50555a07fec5207405669346b5e03ef0aae0bf773d0553d4/pyoxigraph-0.4.11-cp39-cp39-manylinux_2_17_aarch64.manylinux2014_aarch64.whl", hash = "sha256:8abfb7ee202d7f5a7694415e3e4c782d4b376097db08d2cbc92707fd3097b1da", size = 6848002, upload-time = "2025-05-21T20:55:35.458Z" },
    { url = "https://files.pythonhosted.org/packages/c9/25/7d592da5b9293dd29351cbfe9b5735e4a6f5c0a2a77c153950aecd28646a/pyoxigraph-0.4.11-cp39-cp39-manylinux_2_17_x86_64.manylinux2014_x86_64.whl", hash = "sha256:ae8b8f6fdf6613aa5d0e092e33e07279757d3b846dcf11d5c05a6aaad9d9cd06", size = 7248439, upload-time = "2025-05-21T20:55:37.139Z" },
    { url = "https://files.pythonhosted.org/packages/11/08/3f8573e9d9a3339eb5121b11e8bc7f10fac4be45bb579fc808565007ee9e/pyoxigraph-0.4.11-cp39-cp39-musllinux_1_2_aarch64.whl", hash = "sha256:cf5075d9e17ecc63ea744fc3777fbdce5c02dd66f3085202507174fff90cedcc", size = 7894026, upload-time = "2025-05-21T20:55:39.637Z" },
    { url = "https://files.pythonhosted.org/packages/d9/d8/85904561e08eb97322cdf06801b0c6c5d6a6d2ca0fbaff15d897c6ec627d/pyoxigraph-0.4.11-cp39-cp39-musllinux_1_2_x86_64.whl", hash = "sha256:c1b5cb7ddd4434be0b835192451eb6ed3222bd2255f06c59d9f9861f60ffeb87", size = 8503509, upload-time = "2025-05-21T20:55:41.373Z" },
    { url = "https://files.pythonhosted.org/packages/ea/c6/eadaa5ec6f1632a256dbcb4a3f47745770c9f6fec03d2c8a1f4b5e4fc33b/pyoxigraph-0.4.11-pp310-pypy310_pp73-manylinux_2_17_aarch64.manylinux2014_aarch64.whl", hash = "sha256:aed2ee7b60daaf096e3c652ecb4ccdd36ec4e507194a9002b63456b25c0af5c6", size = 6846911, upload-time = "2025-05-21T20:55:44.282Z" },
    { url = "https://files.pythonhosted.org/packages/e5/ba/2f4149c62ea3353810afda1f5e3e5c8b61310e4cbd7fce32f668e056b650/pyoxigraph-0.4.11-pp310-pypy310_pp73-manylinux_2_17_x86_64.manylinux2014_x86_64.whl", hash = "sha256:c8afe83fd73f9f071302f451d987991a280a9703d19508a6dbcd63e9d5222e77", size = 7247384, upload-time = "2025-05-21T20:55:45.995Z" },
    { url = "https://files.pythonhosted.org/packages/47/37/20a14731bd3b64ffcdc3b58553edbf4643810a184e3cee205e891f6d9b49/pyoxigraph-0.4.11-pp311-pypy311_pp73-manylinux_2_17_aarch64.manylinux2014_aarch64.whl", hash = "sha256:2dbb7dd027645ca74dfa588740e9beb8f148a19c70350eeb307448fbfd566ce5", size = 6846919, upload-time = "2025-05-21T20:55:48.767Z" },
    { url = "https://files.pythonhosted.org/packages/64/43/8b2e35585249c5a631656b7ec98f1eab28beacfe9e794cca4af6f860ef6e/pyoxigraph-0.4.11-pp311-pypy311_pp73-manylinux_2_17_x86_64.manylinux2014_x86_64.whl", hash = "sha256:9c6c3024541bd3dd03a5c838ce2feaedbf19463232417bdbf396291c4d9d2add", size = 7247434, upload-time = "2025-05-21T20:55:51.075Z" },
    { url = "https://files.pythonhosted.org/packages/f7/be/5cd5fc4b88f5cb4795b59fea0d2c4196965d3b9292b1b3bbe5ad930ee638/pyoxigraph-0.4.11-pp39-pypy39_pp73-manylinux_2_17_aarch64.manylinux2014_aarch64.whl", hash = "sha256:0ebe04cb782cc359d8c782b1c8843accf5b8568ff942bc5cf204e9e395522c65", size = 6846797, upload-time = "2025-05-21T20:55:53.464Z" },
    { url = "https://files.pythonhosted.org/packages/1a/32/cd2b4e5b00327cd4e4ad916c63a4f505ed43480f999ac659907e3bf2a87c/pyoxigraph-0.4.11-pp39-pypy39_pp73-manylinux_2_17_x86_64.manylinux2014_x86_64.whl", hash = "sha256:ac504982b5e6d19a51a303db9ad4913889b08b2dcd2276cc832b2f0054124f50", size = 7247612, upload-time = "2025-05-21T20:55:55.52Z" },
]

[[package]]
name = "pyparsing"
version = "3.2.3"
source = { registry = "https://pypi.org/simple" }
sdist = { url = "https://files.pythonhosted.org/packages/bb/22/f1129e69d94ffff626bdb5c835506b3a5b4f3d070f17ea295e12c2c6f60f/pyparsing-3.2.3.tar.gz", hash = "sha256:b9c13f1ab8b3b542f72e28f634bad4de758ab3ce4546e4301970ad6fa77c38be", size = 1088608, upload-time = "2025-03-25T05:01:28.114Z" }
wheels = [
    { url = "https://files.pythonhosted.org/packages/05/e7/df2285f3d08fee213f2d041540fa4fc9ca6c2d44cf36d3a035bf2a8d2bcc/pyparsing-3.2.3-py3-none-any.whl", hash = "sha256:a749938e02d6fd0b59b356ca504a24982314bb090c383e3cf201c95ef7e2bfcf", size = 111120, upload-time = "2025-03-25T05:01:24.908Z" },
]

[[package]]
name = "pytqshacl"
version = "140"
source = { registry = "https://pypi.org/simple" }
sdist = { url = "https://files.pythonhosted.org/packages/02/e3/351f6730c2d620225ab342d82303a9785b631d7828a004595e86ccca331c/pytqshacl-140.tar.gz", hash = "sha256:b6849b622d2e0082ee42296cc8ee5f0cea6d2290e557017e2cf5f8ef0f6665f7", size = 15563356, upload-time = "2025-07-02T00:16:27.997Z" }
wheels = [
    { url = "https://files.pythonhosted.org/packages/31/dc/0208e41b3944b5b0dc19c6aa29e0924a6fc56f44a3db165801497d6828a1/pytqshacl-140-py2.py3-none-any.whl", hash = "sha256:9af70c436dd37cacae8c0c9187a01860e05bc0c50514730930a8502c36f15fb7", size = 15569866, upload-time = "2025-07-02T00:16:25.621Z" },
]

[[package]]
name = "rdflib"
version = "7.1.4"
source = { registry = "https://pypi.org/simple" }
dependencies = [
    { name = "isodate", marker = "python_full_version < '3.11'" },
    { name = "pyparsing" },
]
sdist = { url = "https://files.pythonhosted.org/packages/e8/7e/cb2d74466bd8495051ebe2d241b1cb1d4acf9740d481126aef19ef2697f5/rdflib-7.1.4.tar.gz", hash = "sha256:fed46e24f26a788e2ab8e445f7077f00edcf95abb73bcef4b86cefa8b62dd174", size = 4692745, upload-time = "2025-03-29T02:23:02.386Z" }
wheels = [
    { url = "https://files.pythonhosted.org/packages/f4/31/e9b6f04288dcd3fa60cb3179260d6dad81b92aef3063d679ac7d80a827ea/rdflib-7.1.4-py3-none-any.whl", hash = "sha256:72f4adb1990fa5241abd22ddaf36d7cafa5d91d9ff2ba13f3086d339b213d997", size = 565051, upload-time = "2025-03-29T02:22:44.987Z" },
]
