{
  "scaffold": {
    "scaffold": {
      "dirs": [
        "data",
        "data/raw",
        "data/processed/monthly",
        "queries/historical/archive"
      ],
      "files": [
        "queries/historical/default-queries.toml",
        "data/processed/monthly/README.md",
        "secrets/secrets-example.yaml"
      ]
    }
  },
  "generated_by": "george.bennett",
  "generated_at": "2025-08-07T19:49:32.605194+00:00"
}